// !$*UTF8*$!
{
	archiveVersion = 1;
	classes = {
	};
	objectVersion = 56;
	objects = {

/* Begin PBXBuildFile section */
		E9E2584F299177070083FEAD /* AppDelegate.swift in Sources */ = {isa = PBXBuildFile; fileRef = E9E2584E299177070083FEAD /* AppDelegate.swift */; };
		E9E25851299177070083FEAD /* SceneDelegate.swift in Sources */ = {isa = PBXBuildFile; fileRef = E9E25850299177070083FEAD /* SceneDelegate.swift */; };
		E9E25853299177070083FEAD /* ViewController.swift in Sources */ = {isa = PBXBuildFile; fileRef = E9E25852299177070083FEAD /* ViewController.swift */; };
		E9E25856299177070083FEAD /* Main.storyboard in Resources */ = {isa = PBXBuildFile; fileRef = E9E25854299177070083FEAD /* Main.storyboard */; };
		E9E25858299177080083FEAD /* Assets.xcassets in Resources */ = {isa = PBXBuildFile; fileRef = E9E25857299177080083FEAD /* Assets.xcassets */; };
		E9E2585B299177080083FEAD /* LaunchScreen.storyboard in Resources */ = {isa = PBXBuildFile; fileRef = E9E25859299177080083FEAD /* LaunchScreen.storyboard */; };
		E9E25863299177C80083FEAD /* Config.swift in Sources */ = {isa = PBXBuildFile; fileRef = E9E25862299177C80083FEAD /* Config.swift */; };
		E9E258652991785B0083FEAD /* Cartfile in Resources */ = {isa = PBXBuildFile; fileRef = E9E258642991785B0083FEAD /* Cartfile */; };
		E9E25868299178A40083FEAD /* Mapbox in Frameworks */ = {isa = PBXBuildFile; productRef = E9E25867299178A40083FEAD /* Mapbox */; };
		E9E2587329917A470083FEAD /* MapboxMobileEvents.xcframework in Frameworks */ = {isa = PBXBuildFile; fileRef = E9E2586A29917A450083FEAD /* MapboxMobileEvents.xcframework */; };
		E9E2587429917A470083FEAD /* MapboxMobileEvents.xcframework in Embed Frameworks */ = {isa = PBXBuildFile; fileRef = E9E2586A29917A450083FEAD /* MapboxMobileEvents.xcframework */; settings = {ATTRIBUTES = (CodeSignOnCopy, RemoveHeadersOnCopy, ); }; };
		E9E2587529917A470083FEAD /* MapboxGeocoder.xcframework in Frameworks */ = {isa = PBXBuildFile; fileRef = E9E2586B29917A450083FEAD /* MapboxGeocoder.xcframework */; };
		E9E2587629917A470083FEAD /* MapboxGeocoder.xcframework in Embed Frameworks */ = {isa = PBXBuildFile; fileRef = E9E2586B29917A450083FEAD /* MapboxGeocoder.xcframework */; settings = {ATTRIBUTES = (CodeSignOnCopy, RemoveHeadersOnCopy, ); }; };
		E9E2587729917A470083FEAD /* Turf.xcframework in Frameworks */ = {isa = PBXBuildFile; fileRef = E9E2586C29917A460083FEAD /* Turf.xcframework */; };
		E9E2587829917A470083FEAD /* Turf.xcframework in Embed Frameworks */ = {isa = PBXBuildFile; fileRef = E9E2586C29917A460083FEAD /* Turf.xcframework */; settings = {ATTRIBUTES = (CodeSignOnCopy, RemoveHeadersOnCopy, ); }; };
		E9E2587929917A470083FEAD /* MapboxDirections.xcframework in Frameworks */ = {isa = PBXBuildFile; fileRef = E9E2586D29917A460083FEAD /* MapboxDirections.xcframework */; };
		E9E2587A29917A470083FEAD /* MapboxDirections.xcframework in Embed Frameworks */ = {isa = PBXBuildFile; fileRef = E9E2586D29917A460083FEAD /* MapboxDirections.xcframework */; settings = {ATTRIBUTES = (CodeSignOnCopy, RemoveHeadersOnCopy, ); }; };
		E9E2587B29917A470083FEAD /* MapboxCoreNavigation.xcframework in Frameworks */ = {isa = PBXBuildFile; fileRef = E9E2586E29917A460083FEAD /* MapboxCoreNavigation.xcframework */; };
		E9E2587C29917A470083FEAD /* MapboxCoreNavigation.xcframework in Embed Frameworks */ = {isa = PBXBuildFile; fileRef = E9E2586E29917A460083FEAD /* MapboxCoreNavigation.xcframework */; settings = {ATTRIBUTES = (CodeSignOnCopy, RemoveHeadersOnCopy, ); }; };
		E9E2587D29917A470083FEAD /* Solar.xcframework in Frameworks */ = {isa = PBXBuildFile; fileRef = E9E2586F29917A460083FEAD /* Solar.xcframework */; };
		E9E2587E29917A470083FEAD /* Solar.xcframework in Embed Frameworks */ = {isa = PBXBuildFile; fileRef = E9E2586F29917A460083FEAD /* Solar.xcframework */; settings = {ATTRIBUTES = (CodeSignOnCopy, RemoveHeadersOnCopy, ); }; };
		E9E2587F29917A470083FEAD /* Polyline.xcframework in Frameworks */ = {isa = PBXBuildFile; fileRef = E9E2587029917A460083FEAD /* Polyline.xcframework */; };
		E9E2588029917A480083FEAD /* Polyline.xcframework in Embed Frameworks */ = {isa = PBXBuildFile; fileRef = E9E2587029917A460083FEAD /* Polyline.xcframework */; settings = {ATTRIBUTES = (CodeSignOnCopy, RemoveHeadersOnCopy, ); }; };
		E9E2588129917A480083FEAD /* MapboxNavigation.xcframework in Frameworks */ = {isa = PBXBuildFile; fileRef = E9E2587129917A460083FEAD /* MapboxNavigation.xcframework */; };
		E9E2588229917A480083FEAD /* MapboxNavigation.xcframework in Embed Frameworks */ = {isa = PBXBuildFile; fileRef = E9E2587129917A460083FEAD /* MapboxNavigation.xcframework */; settings = {ATTRIBUTES = (CodeSignOnCopy, RemoveHeadersOnCopy, ); }; };
		E9E2588329917A480083FEAD /* MapboxSpeech.xcframework in Frameworks */ = {isa = PBXBuildFile; fileRef = E9E2587229917A470083FEAD /* MapboxSpeech.xcframework */; };
		E9E2588429917A480083FEAD /* MapboxSpeech.xcframework in Embed Frameworks */ = {isa = PBXBuildFile; fileRef = E9E2587229917A470083FEAD /* MapboxSpeech.xcframework */; settings = {ATTRIBUTES = (CodeSignOnCopy, RemoveHeadersOnCopy, ); }; };
		E9E2588729917ADA0083FEAD /* Helpers.swift in Sources */ = {isa = PBXBuildFile; fileRef = E9E2588629917ADA0083FEAD /* Helpers.swift */; };
/* End PBXBuildFile section */

/* Begin PBXCopyFilesBuildPhase section */
		E9E2588529917A480083FEAD /* Embed Frameworks */ = {
			isa = PBXCopyFilesBuildPhase;
			buildActionMask = 2147483647;
			dstPath = "";
			dstSubfolderSpec = 10;
			files = (
				E9E2588429917A480083FEAD /* MapboxSpeech.xcframework in Embed Frameworks */,
				E9E2587829917A470083FEAD /* Turf.xcframework in Embed Frameworks */,
				E9E2587629917A470083FEAD /* MapboxGeocoder.xcframework in Embed Frameworks */,
				E9E2588229917A480083FEAD /* MapboxNavigation.xcframework in Embed Frameworks */,
				E9E2587C29917A470083FEAD /* MapboxCoreNavigation.xcframework in Embed Frameworks */,
				E9E2587E29917A470083FEAD /* Solar.xcframework in Embed Frameworks */,
				E9E2587A29917A470083FEAD /* MapboxDirections.xcframework in Embed Frameworks */,
				E9E2587429917A470083FEAD /* MapboxMobileEvents.xcframework in Embed Frameworks */,
				E9E2588029917A480083FEAD /* Polyline.xcframework in Embed Frameworks */,
			);
			name = "Embed Frameworks";
			runOnlyForDeploymentPostprocessing = 0;
		};
/* End PBXCopyFilesBuildPhase section */

/* Begin PBXFileReference section */
		E9E2584B299177070083FEAD /* MapLibreNavigationPoC.app */ = {isa = PBXFileReference; explicitFileType = wrapper.application; includeInIndex = 0; path = MapLibreNavigationPoC.app; sourceTree = BUILT_PRODUCTS_DIR; };
		E9E2584E299177070083FEAD /* AppDelegate.swift */ = {isa = PBXFileReference; lastKnownFileType = sourcecode.swift; path = AppDelegate.swift; sourceTree = "<group>"; };
		E9E25850299177070083FEAD /* SceneDelegate.swift */ = {isa = PBXFileReference; lastKnownFileType = sourcecode.swift; path = SceneDelegate.swift; sourceTree = "<group>"; };
		E9E25852299177070083FEAD /* ViewController.swift */ = {isa = PBXFileReference; lastKnownFileType = sourcecode.swift; path = ViewController.swift; sourceTree = "<group>"; };
		E9E25855299177070083FEAD /* Base */ = {isa = PBXFileReference; lastKnownFileType = file.storyboard; name = Base; path = Base.lproj/Main.storyboard; sourceTree = "<group>"; };
		E9E25857299177080083FEAD /* Assets.xcassets */ = {isa = PBXFileReference; lastKnownFileType = folder.assetcatalog; path = Assets.xcassets; sourceTree = "<group>"; };
		E9E2585A299177080083FEAD /* Base */ = {isa = PBXFileReference; lastKnownFileType = file.storyboard; name = Base; path = Base.lproj/LaunchScreen.storyboard; sourceTree = "<group>"; };
		E9E2585C299177080083FEAD /* Info.plist */ = {isa = PBXFileReference; lastKnownFileType = text.plist.xml; path = Info.plist; sourceTree = "<group>"; };
		E9E25862299177C80083FEAD /* Config.swift */ = {isa = PBXFileReference; lastKnownFileType = sourcecode.swift; path = Config.swift; sourceTree = "<group>"; };
		E9E258642991785B0083FEAD /* Cartfile */ = {isa = PBXFileReference; lastKnownFileType = text; path = Cartfile; sourceTree = "<group>"; };
		E9E2586A29917A450083FEAD /* MapboxMobileEvents.xcframework */ = {isa = PBXFileReference; lastKnownFileType = wrapper.xcframework; name = MapboxMobileEvents.xcframework; path = Carthage/Build/MapboxMobileEvents.xcframework; sourceTree = "<group>"; };
		E9E2586B29917A450083FEAD /* MapboxGeocoder.xcframework */ = {isa = PBXFileReference; lastKnownFileType = wrapper.xcframework; name = MapboxGeocoder.xcframework; path = Carthage/Build/MapboxGeocoder.xcframework; sourceTree = "<group>"; };
		E9E2586C29917A460083FEAD /* Turf.xcframework */ = {isa = PBXFileReference; lastKnownFileType = wrapper.xcframework; name = Turf.xcframework; path = Carthage/Build/Turf.xcframework; sourceTree = "<group>"; };
		E9E2586D29917A460083FEAD /* MapboxDirections.xcframework */ = {isa = PBXFileReference; lastKnownFileType = wrapper.xcframework; name = MapboxDirections.xcframework; path = Carthage/Build/MapboxDirections.xcframework; sourceTree = "<group>"; };
		E9E2586E29917A460083FEAD /* MapboxCoreNavigation.xcframework */ = {isa = PBXFileReference; lastKnownFileType = wrapper.xcframework; name = MapboxCoreNavigation.xcframework; path = Carthage/Build/MapboxCoreNavigation.xcframework; sourceTree = "<group>"; };
		E9E2586F29917A460083FEAD /* Solar.xcframework */ = {isa = PBXFileReference; lastKnownFileType = wrapper.xcframework; name = Solar.xcframework; path = Carthage/Build/Solar.xcframework; sourceTree = "<group>"; };
		E9E2587029917A460083FEAD /* Polyline.xcframework */ = {isa = PBXFileReference; lastKnownFileType = wrapper.xcframework; name = Polyline.xcframework; path = Carthage/Build/Polyline.xcframework; sourceTree = "<group>"; };
		E9E2587129917A460083FEAD /* MapboxNavigation.xcframework */ = {isa = PBXFileReference; lastKnownFileType = wrapper.xcframework; name = MapboxNavigation.xcframework; path = Carthage/Build/MapboxNavigation.xcframework; sourceTree = "<group>"; };
		E9E2587229917A470083FEAD /* MapboxSpeech.xcframework */ = {isa = PBXFileReference; lastKnownFileType = wrapper.xcframework; name = MapboxSpeech.xcframework; path = Carthage/Build/MapboxSpeech.xcframework; sourceTree = "<group>"; };
		E9E2588629917ADA0083FEAD /* Helpers.swift */ = {isa = PBXFileReference; lastKnownFileType = sourcecode.swift; path = Helpers.swift; sourceTree = "<group>"; };
/* End PBXFileReference section */

/* Begin PBXFrameworksBuildPhase section */
		E9E25848299177070083FEAD /* Frameworks */ = {
			isa = PBXFrameworksBuildPhase;
			buildActionMask = 2147483647;
			files = (
				E9E2587729917A470083FEAD /* Turf.xcframework in Frameworks */,
				E9E2587D29917A470083FEAD /* Solar.xcframework in Frameworks */,
				E9E25868299178A40083FEAD /* Mapbox in Frameworks */,
				E9E2587529917A470083FEAD /* MapboxGeocoder.xcframework in Frameworks */,
				E9E2587329917A470083FEAD /* MapboxMobileEvents.xcframework in Frameworks */,
				E9E2587B29917A470083FEAD /* MapboxCoreNavigation.xcframework in Frameworks */,
				E9E2588329917A480083FEAD /* MapboxSpeech.xcframework in Frameworks */,
				E9E2588129917A480083FEAD /* MapboxNavigation.xcframework in Frameworks */,
				E9E2587929917A470083FEAD /* MapboxDirections.xcframework in Frameworks */,
				E9E2587F29917A470083FEAD /* Polyline.xcframework in Frameworks */,
			);
			runOnlyForDeploymentPostprocessing = 0;
		};
/* End PBXFrameworksBuildPhase section */

/* Begin PBXGroup section */
		E9E25842299177070083FEAD = {
			isa = PBXGroup;
			children = (
				E9E258642991785B0083FEAD /* Cartfile */,
				E9E2584D299177070083FEAD /* MapLibreNavigationPoC */,
				E9E2584C299177070083FEAD /* Products */,
				E9E2586929917A450083FEAD /* Frameworks */,
			);
			sourceTree = "<group>";
		};
		E9E2584C299177070083FEAD /* Products */ = {
			isa = PBXGroup;
			children = (
				E9E2584B299177070083FEAD /* MapLibreNavigationPoC.app */,
			);
			name = Products;
			sourceTree = "<group>";
		};
		E9E2584D299177070083FEAD /* MapLibreNavigationPoC */ = {
			isa = PBXGroup;
			children = (
				E9E2584E299177070083FEAD /* AppDelegate.swift */,
				E9E25850299177070083FEAD /* SceneDelegate.swift */,
				E9E25852299177070083FEAD /* ViewController.swift */,
				E9E25862299177C80083FEAD /* Config.swift */,
				E9E2588629917ADA0083FEAD /* Helpers.swift */,
				E9E25854299177070083FEAD /* Main.storyboard */,
				E9E25857299177080083FEAD /* Assets.xcassets */,
				E9E25859299177080083FEAD /* LaunchScreen.storyboard */,
				E9E2585C299177080083FEAD /* Info.plist */,
			);
			path = MapLibreNavigationPoC;
			sourceTree = "<group>";
		};
		E9E2586929917A450083FEAD /* Frameworks */ = {
			isa = PBXGroup;
			children = (
				E9E2586E29917A460083FEAD /* MapboxCoreNavigation.xcframework */,
				E9E2586D29917A460083FEAD /* MapboxDirections.xcframework */,
				E9E2586B29917A450083FEAD /* MapboxGeocoder.xcframework */,
				E9E2586A29917A450083FEAD /* MapboxMobileEvents.xcframework */,
				E9E2587129917A460083FEAD /* MapboxNavigation.xcframework */,
				E9E2587229917A470083FEAD /* MapboxSpeech.xcframework */,
				E9E2587029917A460083FEAD /* Polyline.xcframework */,
				E9E2586F29917A460083FEAD /* Solar.xcframework */,
				E9E2586C29917A460083FEAD /* Turf.xcframework */,
			);
			name = Frameworks;
			sourceTree = "<group>";
		};
/* End PBXGroup section */

/* Begin PBXNativeTarget section */
		E9E2584A299177070083FEAD /* MapLibreNavigationPoC */ = {
			isa = PBXNativeTarget;
			buildConfigurationList = E9E2585F299177080083FEAD /* Build configuration list for PBXNativeTarget "MapLibreNavigationPoC" */;
			buildPhases = (
				E9E25847299177070083FEAD /* Sources */,
				E9E25848299177070083FEAD /* Frameworks */,
				E9E25849299177070083FEAD /* Resources */,
				E9E2588529917A480083FEAD /* Embed Frameworks */,
			);
			buildRules = (
			);
			dependencies = (
			);
			name = MapLibreNavigationPoC;
			packageProductDependencies = (
				E9E25867299178A40083FEAD /* Mapbox */,
			);
			productName = MapLibreNavigationPoC;
			productReference = E9E2584B299177070083FEAD /* MapLibreNavigationPoC.app */;
			productType = "com.apple.product-type.application";
		};
/* End PBXNativeTarget section */

/* Begin PBXProject section */
		E9E25843299177070083FEAD /* Project object */ = {
			isa = PBXProject;
			attributes = {
				BuildIndependentTargetsInParallel = 1;
				LastSwiftUpdateCheck = 1420;
				LastUpgradeCheck = 1420;
				TargetAttributes = {
					E9E2584A299177070083FEAD = {
						CreatedOnToolsVersion = 14.2;
					};
				};
			};
			buildConfigurationList = E9E25846299177070083FEAD /* Build configuration list for PBXProject "MapLibreNavigationPoC" */;
			compatibilityVersion = "Xcode 14.0";
			developmentRegion = en;
			hasScannedForEncodings = 0;
			knownRegions = (
				en,
				Base,
			);
			mainGroup = E9E25842299177070083FEAD;
			packageReferences = (
				E9E25866299178A40083FEAD /* XCRemoteSwiftPackageReference "maplibre-gl-native-distribution" */,
			);
			productRefGroup = E9E2584C299177070083FEAD /* Products */;
			projectDirPath = "";
			projectRoot = "";
			targets = (
				E9E2584A299177070083FEAD /* MapLibreNavigationPoC */,
			);
		};
/* End PBXProject section */

/* Begin PBXResourcesBuildPhase section */
		E9E25849299177070083FEAD /* Resources */ = {
			isa = PBXResourcesBuildPhase;
			buildActionMask = 2147483647;
			files = (
				E9E2585B299177080083FEAD /* LaunchScreen.storyboard in Resources */,
				E9E25858299177080083FEAD /* Assets.xcassets in Resources */,
				E9E258652991785B0083FEAD /* Cartfile in Resources */,
				E9E25856299177070083FEAD /* Main.storyboard in Resources */,
			);
			runOnlyForDeploymentPostprocessing = 0;
		};
/* End PBXResourcesBuildPhase section */

/* Begin PBXSourcesBuildPhase section */
		E9E25847299177070083FEAD /* Sources */ = {
			isa = PBXSourcesBuildPhase;
			buildActionMask = 2147483647;
			files = (
				E9E25853299177070083FEAD /* ViewController.swift in Sources */,
				E9E2584F299177070083FEAD /* AppDelegate.swift in Sources */,
				E9E25851299177070083FEAD /* SceneDelegate.swift in Sources */,
				E9E2588729917ADA0083FEAD /* Helpers.swift in Sources */,
				E9E25863299177C80083FEAD /* Config.swift in Sources */,
			);
			runOnlyForDeploymentPostprocessing = 0;
		};
/* End PBXSourcesBuildPhase section */

/* Begin PBXVariantGroup section */
		E9E25854299177070083FEAD /* Main.storyboard */ = {
			isa = PBXVariantGroup;
			children = (
				E9E25855299177070083FEAD /* Base */,
			);
			name = Main.storyboard;
			sourceTree = "<group>";
		};
		E9E25859299177080083FEAD /* LaunchScreen.storyboard */ = {
			isa = PBXVariantGroup;
			children = (
				E9E2585A299177080083FEAD /* Base */,
			);
			name = LaunchScreen.storyboard;
			sourceTree = "<group>";
		};
/* End PBXVariantGroup section */

/* Begin XCBuildConfiguration section */
		E9E2585D299177080083FEAD /* Debug */ = {
			isa = XCBuildConfiguration;
			buildSettings = {
				ALWAYS_SEARCH_USER_PATHS = NO;
				CLANG_ANALYZER_NONNULL = YES;
				CLANG_ANALYZER_NUMBER_OBJECT_CONVERSION = YES_AGGRESSIVE;
				CLANG_CXX_LANGUAGE_STANDARD = "gnu++20";
				CLANG_ENABLE_MODULES = YES;
				CLANG_ENABLE_OBJC_ARC = YES;
				CLANG_ENABLE_OBJC_WEAK = YES;
				CLANG_WARN_BLOCK_CAPTURE_AUTORELEASING = YES;
				CLANG_WARN_BOOL_CONVERSION = YES;
				CLANG_WARN_COMMA = YES;
				CLANG_WARN_CONSTANT_CONVERSION = YES;
				CLANG_WARN_DEPRECATED_OBJC_IMPLEMENTATIONS = YES;
				CLANG_WARN_DIRECT_OBJC_ISA_USAGE = YES_ERROR;
				CLANG_WARN_DOCUMENTATION_COMMENTS = YES;
				CLANG_WARN_EMPTY_BODY = YES;
				CLANG_WARN_ENUM_CONVERSION = YES;
				CLANG_WARN_INFINITE_RECURSION = YES;
				CLANG_WARN_INT_CONVERSION = YES;
				CLANG_WARN_NON_LITERAL_NULL_CONVERSION = YES;
				CLANG_WARN_OBJC_IMPLICIT_RETAIN_SELF = YES;
				CLANG_WARN_OBJC_LITERAL_CONVERSION = YES;
				CLANG_WARN_OBJC_ROOT_CLASS = YES_ERROR;
				CLANG_WARN_QUOTED_INCLUDE_IN_FRAMEWORK_HEADER = YES;
				CLANG_WARN_RANGE_LOOP_ANALYSIS = YES;
				CLANG_WARN_STRICT_PROTOTYPES = YES;
				CLANG_WARN_SUSPICIOUS_MOVE = YES;
				CLANG_WARN_UNGUARDED_AVAILABILITY = YES_AGGRESSIVE;
				CLANG_WARN_UNREACHABLE_CODE = YES;
				CLANG_WARN__DUPLICATE_METHOD_MATCH = YES;
				COPY_PHASE_STRIP = NO;
				DEBUG_INFORMATION_FORMAT = dwarf;
				ENABLE_STRICT_OBJC_MSGSEND = YES;
				ENABLE_TESTABILITY = YES;
				GCC_C_LANGUAGE_STANDARD = gnu11;
				GCC_DYNAMIC_NO_PIC = NO;
				GCC_NO_COMMON_BLOCKS = YES;
				GCC_OPTIMIZATION_LEVEL = 0;
				GCC_PREPROCESSOR_DEFINITIONS = (
					"DEBUG=1",
					"$(inherited)",
				);
				GCC_WARN_64_TO_32_BIT_CONVERSION = YES;
				GCC_WARN_ABOUT_RETURN_TYPE = YES_ERROR;
				GCC_WARN_UNDECLARED_SELECTOR = YES;
				GCC_WARN_UNINITIALIZED_AUTOS = YES_AGGRESSIVE;
				GCC_WARN_UNUSED_FUNCTION = YES;
				GCC_WARN_UNUSED_VARIABLE = YES;
				IPHONEOS_DEPLOYMENT_TARGET = 16.2;
				MTL_ENABLE_DEBUG_INFO = INCLUDE_SOURCE;
				MTL_FAST_MATH = YES;
				ONLY_ACTIVE_ARCH = YES;
				SDKROOT = iphoneos;
				SWIFT_ACTIVE_COMPILATION_CONDITIONS = DEBUG;
				SWIFT_OPTIMIZATION_LEVEL = "-Onone";
			};
			name = Debug;
		};
		E9E2585E299177080083FEAD /* Release */ = {
			isa = XCBuildConfiguration;
			buildSettings = {
				ALWAYS_SEARCH_USER_PATHS = NO;
				CLANG_ANALYZER_NONNULL = YES;
				CLANG_ANALYZER_NUMBER_OBJECT_CONVERSION = YES_AGGRESSIVE;
				CLANG_CXX_LANGUAGE_STANDARD = "gnu++20";
				CLANG_ENABLE_MODULES = YES;
				CLANG_ENABLE_OBJC_ARC = YES;
				CLANG_ENABLE_OBJC_WEAK = YES;
				CLANG_WARN_BLOCK_CAPTURE_AUTORELEASING = YES;
				CLANG_WARN_BOOL_CONVERSION = YES;
				CLANG_WARN_COMMA = YES;
				CLANG_WARN_CONSTANT_CONVERSION = YES;
				CLANG_WARN_DEPRECATED_OBJC_IMPLEMENTATIONS = YES;
				CLANG_WARN_DIRECT_OBJC_ISA_USAGE = YES_ERROR;
				CLANG_WARN_DOCUMENTATION_COMMENTS = YES;
				CLANG_WARN_EMPTY_BODY = YES;
				CLANG_WARN_ENUM_CONVERSION = YES;
				CLANG_WARN_INFINITE_RECURSION = YES;
				CLANG_WARN_INT_CONVERSION = YES;
				CLANG_WARN_NON_LITERAL_NULL_CONVERSION = YES;
				CLANG_WARN_OBJC_IMPLICIT_RETAIN_SELF = YES;
				CLANG_WARN_OBJC_LITERAL_CONVERSION = YES;
				CLANG_WARN_OBJC_ROOT_CLASS = YES_ERROR;
				CLANG_WARN_QUOTED_INCLUDE_IN_FRAMEWORK_HEADER = YES;
				CLANG_WARN_RANGE_LOOP_ANALYSIS = YES;
				CLANG_WARN_STRICT_PROTOTYPES = YES;
				CLANG_WARN_SUSPICIOUS_MOVE = YES;
				CLANG_WARN_UNGUARDED_AVAILABILITY = YES_AGGRESSIVE;
				CLANG_WARN_UNREACHABLE_CODE = YES;
				CLANG_WARN__DUPLICATE_METHOD_MATCH = YES;
				COPY_PHASE_STRIP = NO;
				DEBUG_INFORMATION_FORMAT = "dwarf-with-dsym";
				ENABLE_NS_ASSERTIONS = NO;
				ENABLE_STRICT_OBJC_MSGSEND = YES;
				GCC_C_LANGUAGE_STANDARD = gnu11;
				GCC_NO_COMMON_BLOCKS = YES;
				GCC_WARN_64_TO_32_BIT_CONVERSION = YES;
				GCC_WARN_ABOUT_RETURN_TYPE = YES_ERROR;
				GCC_WARN_UNDECLARED_SELECTOR = YES;
				GCC_WARN_UNINITIALIZED_AUTOS = YES_AGGRESSIVE;
				GCC_WARN_UNUSED_FUNCTION = YES;
				GCC_WARN_UNUSED_VARIABLE = YES;
				IPHONEOS_DEPLOYMENT_TARGET = 16.2;
				MTL_ENABLE_DEBUG_INFO = NO;
				MTL_FAST_MATH = YES;
				SDKROOT = iphoneos;
				SWIFT_COMPILATION_MODE = wholemodule;
				SWIFT_OPTIMIZATION_LEVEL = "-O";
				VALIDATE_PRODUCT = YES;
			};
			name = Release;
		};
		E9E25860299177080083FEAD /* Debug */ = {
			isa = XCBuildConfiguration;
			buildSettings = {
				ASSETCATALOG_COMPILER_APPICON_NAME = AppIcon;
				ASSETCATALOG_COMPILER_GLOBAL_ACCENT_COLOR_NAME = AccentColor;
				CODE_SIGN_STYLE = Automatic;
				CURRENT_PROJECT_VERSION = 1;
				DEVELOPMENT_TEAM = PB54J8DVJD;
				GENERATE_INFOPLIST_FILE = YES;
				INFOPLIST_FILE = MapLibreNavigationPoC/Info.plist;
				INFOPLIST_KEY_NSLocationWhenInUseUsageDescription = "This app provides turn-by-turn navigation";
				INFOPLIST_KEY_UIApplicationSupportsIndirectInputEvents = YES;
				INFOPLIST_KEY_UILaunchStoryboardName = LaunchScreen;
				INFOPLIST_KEY_UIMainStoryboardFile = Main;
				INFOPLIST_KEY_UISupportedInterfaceOrientations_iPad = "UIInterfaceOrientationPortrait UIInterfaceOrientationPortraitUpsideDown UIInterfaceOrientationLandscapeLeft UIInterfaceOrientationLandscapeRight";
				INFOPLIST_KEY_UISupportedInterfaceOrientations_iPhone = "UIInterfaceOrientationPortrait UIInterfaceOrientationLandscapeLeft UIInterfaceOrientationLandscapeRight";
				LD_RUNPATH_SEARCH_PATHS = (
					"$(inherited)",
					"@executable_path/Frameworks",
				);
				MARKETING_VERSION = 1.0;
				PRODUCT_BUNDLE_IDENTIFIER = com.funktional.MapLibreNavigationPoC;
				PRODUCT_NAME = "$(TARGET_NAME)";
				SWIFT_EMIT_LOC_STRINGS = YES;
				SWIFT_VERSION = 5.0;
				TARGETED_DEVICE_FAMILY = "1,2";
			};
			name = Debug;
		};
		E9E25861299177080083FEAD /* Release */ = {
			isa = XCBuildConfiguration;
			buildSettings = {
				ASSETCATALOG_COMPILER_APPICON_NAME = AppIcon;
				ASSETCATALOG_COMPILER_GLOBAL_ACCENT_COLOR_NAME = AccentColor;
				CODE_SIGN_STYLE = Automatic;
				CURRENT_PROJECT_VERSION = 1;
				DEVELOPMENT_TEAM = PB54J8DVJD;
				GENERATE_INFOPLIST_FILE = YES;
				INFOPLIST_FILE = MapLibreNavigationPoC/Info.plist;
				INFOPLIST_KEY_NSLocationWhenInUseUsageDescription = "This app provides turn-by-turn navigation";
				INFOPLIST_KEY_UIApplicationSupportsIndirectInputEvents = YES;
				INFOPLIST_KEY_UILaunchStoryboardName = LaunchScreen;
				INFOPLIST_KEY_UIMainStoryboardFile = Main;
				INFOPLIST_KEY_UISupportedInterfaceOrientations_iPad = "UIInterfaceOrientationPortrait UIInterfaceOrientationPortraitUpsideDown UIInterfaceOrientationLandscapeLeft UIInterfaceOrientationLandscapeRight";
				INFOPLIST_KEY_UISupportedInterfaceOrientations_iPhone = "UIInterfaceOrientationPortrait UIInterfaceOrientationLandscapeLeft UIInterfaceOrientationLandscapeRight";
				LD_RUNPATH_SEARCH_PATHS = (
					"$(inherited)",
					"@executable_path/Frameworks",
				);
				MARKETING_VERSION = 1.0;
				PRODUCT_BUNDLE_IDENTIFIER = com.funktional.MapLibreNavigationPoC;
				PRODUCT_NAME = "$(TARGET_NAME)";
				SWIFT_EMIT_LOC_STRINGS = YES;
				SWIFT_VERSION = 5.0;
				TARGETED_DEVICE_FAMILY = "1,2";
			};
			name = Release;
		};
/* End XCBuildConfiguration section */

/* Begin XCConfigurationList section */
		E9E25846299177070083FEAD /* Build configuration list for PBXProject "MapLibreNavigationPoC" */ = {
			isa = XCConfigurationList;
			buildConfigurations = (
				E9E2585D299177080083FEAD /* Debug */,
				E9E2585E299177080083FEAD /* Release */,
			);
			defaultConfigurationIsVisible = 0;
			defaultConfigurationName = Release;
		};
		E9E2585F299177080083FEAD /* Build configuration list for PBXNativeTarget "MapLibreNavigationPoC" */ = {
			isa = XCConfigurationList;
			buildConfigurations = (
				E9E25860299177080083FEAD /* Debug */,
				E9E25861299177080083FEAD /* Release */,
			);
			defaultConfigurationIsVisible = 0;
			defaultConfigurationName = Release;
		};
/* End XCConfigurationList section */

/* Begin XCRemoteSwiftPackageReference section */
		E9E25866299178A40083FEAD /* XCRemoteSwiftPackageReference "maplibre-gl-native-distribution" */ = {
			isa = XCRemoteSwiftPackageReference;
			repositoryURL = "https://github.com/maplibre/maplibre-gl-native-distribution";
			requirement = {
				kind = exactVersion;
				version = 5.12.2;
			};
		};
/* End XCRemoteSwiftPackageReference section */

/* Begin XCSwiftPackageProductDependency section */
		E9E25867299178A40083FEAD /* Mapbox */ = {
			isa = XCSwiftPackageProductDependency;
			package = E9E25866299178A40083FEAD /* XCRemoteSwiftPackageReference "maplibre-gl-native-distribution" */;
			productName = Mapbox;
		};
/* End XCSwiftPackageProductDependency section */
	};
	rootObject = E9E25843299177070083FEAD /* Project object */;
}
